
Microsoft Visual Studio Solution File, Format Version 12.00
# Visual Studio Version 17
VisualStudioVersion = 17.10.35004.147
MinimumVisualStudioVersion = 10.0.40219.1
Project("{FAE04EC0-301F-11D3-BF4B-00C04F79EFBC}") = "TierApplication", "TierApplication\TierApplication.csproj", "{F4D9E9B6-F263-4C13-AAE0-0660C932E362}"
EndProject
Project("{FAE04EC0-301F-11D3-BF4B-00C04F79EFBC}") = "DAL", "DAL\DAL.csproj", "{B79F8D60-DD3A-433F-A73E-A2E6BEEEF921}"
EndProject
Project("{FAE04EC0-301F-11D3-BF4B-00C04F79EFBC}") = "BLL", "BLL\BLL.csproj", "{5EC223F9-DF81-4C3C-9C2C-FC1A0303BBC6}"
EndProject
Global
	GlobalSection(SolutionConfigurationPlatforms) = preSolution
		Debug|Any CPU = Debug|Any CPU
		Release|Any CPU = Release|Any CPU
	EndGlobalSection
	GlobalSection(ProjectConfigurationPlatforms) = postSolution
		{F4D9E9B6-F263-4C13-AAE0-0660C932E362}.Debug|Any CPU.ActiveCfg = Debug|Any CPU
		{F4D9E9B6-F263-4C13-AAE0-0660C932E362}.Debug|Any CPU.Build.0 = Debug|Any CPU
		{F4D9E9B6-F263-4C13-AAE0-0660C932E362}.Release|Any CPU.ActiveCfg = Release|Any CPU
		{F4D9E9B6-F263-4C13-AAE0-0660C932E362}.Release|Any CPU.Build.0 = Release|Any CPU
		{B79F8D60-DD3A-433F-A73E-A2E6BEEEF921}.Debug|Any CPU.ActiveCfg = Debug|Any CPU
		{B79F8D60-DD3A-433F-A73E-A2E6BEEEF921}.Debug|Any CPU.Build.0 = Debug|Any CPU
		{B79F8D60-DD3A-433F-A73E-A2E6BEEEF921}.Release|Any CPU.ActiveCfg = Release|Any CPU
		{B79F8D60-DD3A-433F-A73E-A2E6BEEEF921}.Release|Any CPU.Build.0 = Release|Any CPU
		{5EC223F9-DF81-4C3C-9C2C-FC1A0303BBC6}.Debug|Any CPU.ActiveCfg = Debug|Any CPU
		{5EC223F9-DF81-4C3C-9C2C-FC1A0303BBC6}.Debug|Any CPU.Build.0 = Debug|Any CPU
		{5EC223F9-DF81-4C3C-9C2C-FC1A0303BBC6}.Release|Any CPU.ActiveCfg = Release|Any CPU
		{5EC223F9-DF81-4C3C-9C2C-FC1A0303BBC6}.Release|Any CPU.Build.0 = Release|Any CPU
	EndGlobalSection
	GlobalSection(SolutionProperties) = preSolution
		HideSolutionNode = FALSE
	EndGlobalSection
	GlobalSection(ExtensibilityGlobals) = postSolution
		SolutionGuid = {F0A8D1BC-2B59-4F1F-90C2-6EDDE461DD85}
	EndGlobalSection
EndGlobal
