
Microsoft Visual Studio Solution File, Format Version 12.00
# Visual Studio Version 17
VisualStudioVersion = 17.10.34928.147
MinimumVisualStudioVersion = 10.0.40219.1
Project("{FAE04EC0-301F-11D3-BF4B-00C04F79EFBC}") = "DataView", "DataView\DataView.csproj", "{B0FA8344-1A58-4698-A82A-9511AFA4690E}"
EndProject
Global
	GlobalSection(SolutionConfigurationPlatforms) = preSolution
		Debug|Any CPU = Debug|Any CPU
		Release|Any CPU = Release|Any CPU
	EndGlobalSection
	GlobalSection(ProjectConfigurationPlatforms) = postSolution
		{B0FA8344-1A58-4698-A82A-9511AFA4690E}.Debug|Any CPU.ActiveCfg = Debug|Any CPU
		{B0FA8344-1A58-4698-A82A-9511AFA4690E}.Debug|Any CPU.Build.0 = Debug|Any CPU
		{B0FA8344-1A58-4698-A82A-9511AFA4690E}.Release|Any CPU.ActiveCfg = Release|Any CPU
		{B0FA8344-1A58-4698-A82A-9511AFA4690E}.Release|Any CPU.Build.0 = Release|Any CPU
	EndGlobalSection
	GlobalSection(SolutionProperties) = preSolution
		HideSolutionNode = FALSE
	EndGlobalSection
	GlobalSection(ExtensibilityGlobals) = postSolution
		SolutionGuid = {3B15F48C-5E70-4F3A-863B-958029E9A387}
	EndGlobalSection
EndGlobal
